
Microsoft Visual Studio Solution File, Format Version 12.00
# Visual Studio Version 17
VisualStudioVersion = 17.2.32616.157
MinimumVisualStudioVersion = 10.0.40219.1
Project("{2150E333-8FDC-42A3-9474-1A3956D46DE8}") = "Services", "Services", "{5E254636-53CF-4672-BFE3-D6E238B3C2B6}"
EndProject
Project("{2150E333-8FDC-42A3-9474-1A3956D46DE8}") = "Catalog", "Catalog", "{05C60D3F-24A7-413F-86EC-9FE22592EE40}"
EndProject
Project("{FAE04EC0-301F-11D3-BF4B-00C04F79EFBC}") = "Catalog.API", "Services\Catalog\Catalog.API\Catalog.API.csproj", "{CC7959AB-192F-412E-A118-96DAA2756F78}"
EndProject
Global
	GlobalSection(SolutionConfigurationPlatforms) = preSolution
		Debug|Any CPU = Debug|Any CPU
		Release|Any CPU = Release|Any CPU
	EndGlobalSection
	GlobalSection(ProjectConfigurationPlatforms) = postSolution
		{CC7959AB-192F-412E-A118-96DAA2756F78}.Debug|Any CPU.ActiveCfg = Debug|Any CPU
		{CC7959AB-192F-412E-A118-96DAA2756F78}.Debug|Any CPU.Build.0 = Debug|Any CPU
		{CC7959AB-192F-412E-A118-96DAA2756F78}.Release|Any CPU.ActiveCfg = Release|Any CPU
		{CC7959AB-192F-412E-A118-96DAA2756F78}.Release|Any CPU.Build.0 = Release|Any CPU
	EndGlobalSection
	GlobalSection(SolutionProperties) = preSolution
		HideSolutionNode = FALSE
	EndGlobalSection
	GlobalSection(NestedProjects) = preSolution
		{05C60D3F-24A7-413F-86EC-9FE22592EE40} = {5E254636-53CF-4672-BFE3-D6E238B3C2B6}
		{CC7959AB-192F-412E-A118-96DAA2756F78} = {05C60D3F-24A7-413F-86EC-9FE22592EE40}
	EndGlobalSection
	GlobalSection(ExtensibilityGlobals) = postSolution
		SolutionGuid = {E987E77A-32FF-4D67-8E34-D0812E87C67F}
	EndGlobalSection
EndGlobal
