
Microsoft Visual Studio Solution File, Format Version 12.00
# Visual Studio Version 17
VisualStudioVersion = 17.2.32616.157
MinimumVisualStudioVersion = 10.0.40219.1
Project("{2150E333-8FDC-42A3-9474-1A3956D46DE8}") = "Services", "Services", "{5E254636-53CF-4672-BFE3-D6E238B3C2B6}"
EndProject
Project("{2150E333-8FDC-42A3-9474-1A3956D46DE8}") = "Catalog", "Catalog", "{05C60D3F-24A7-413F-86EC-9FE22592EE40}"
EndProject
Project("{9A19103F-16F7-4668-BE54-9A1E7A4F7556}") = "Catalog.API", "Services\Catalog\Catalog.API\Catalog.API.csproj", "{CC7959AB-192F-412E-A118-96DAA2756F78}"
EndProject
Project("{E53339B2-1760-4266-BCC7-CA923CBCF16C}") = "docker-compose", "docker-compose.dcproj", "{517A7C16-F0D8-4862-A0F6-937AE1BDCF9C}"
EndProject
Project("{2150E333-8FDC-42A3-9474-1A3956D46DE8}") = "Basket", "Basket", "{832FB9E1-9C3E-4DED-91E3-D0760A691FE6}"
EndProject
Project("{9A19103F-16F7-4668-BE54-9A1E7A4F7556}") = "Basket.API", "Services\Basket\Basket.API\Basket.API.csproj", "{A6477C1C-E38F-496E-B046-BCF38FED4AFC}"
EndProject
Project("{2150E333-8FDC-42A3-9474-1A3956D46DE8}") = "Discount", "Discount", "{58C864EF-8040-4695-AE9B-17BBD52F41D5}"
	ProjectSection(SolutionItems) = preProject
		Services\Basket\Basket.API\Dockerfile = Services\Basket\Basket.API\Dockerfile
	EndProjectSection
EndProject
Project("{9A19103F-16F7-4668-BE54-9A1E7A4F7556}") = "Discount.API", "Services\Discount\Discount.API\Discount.API.csproj", "{437E3081-B5E9-48DF-92A8-5113BF62DB66}"
EndProject
Project("{9A19103F-16F7-4668-BE54-9A1E7A4F7556}") = "Discount.gRPC", "Services\Discount\Discount.gRPC\Discount.gRPC.csproj", "{B5D918BD-C7E0-47B6-A1D9-6EA1F6F61747}"
EndProject
Project("{2150E333-8FDC-42A3-9474-1A3956D46DE8}") = "Ordering", "Ordering", "{8C361F4B-44DE-4ABC-BD16-964FD8CAF83F}"
EndProject
Project("{9A19103F-16F7-4668-BE54-9A1E7A4F7556}") = "Ordering.API", "Services\Ordering\Ordering.API\Ordering.API.csproj", "{7B9FFBD7-D6C5-4B11-820A-4952FAE15565}"
EndProject
Project("{9A19103F-16F7-4668-BE54-9A1E7A4F7556}") = "Ordering.Domain", "Services\Ordering\Ordering.Domain\Ordering.Domain.csproj", "{C7F1CBB4-5B5A-4F4B-AEED-A480E9CDD64C}"
EndProject
Project("{9A19103F-16F7-4668-BE54-9A1E7A4F7556}") = "Ordering.Application", "Services\Ordering\Ordering.Application\Ordering.Application.csproj", "{83526CB8-68C0-4D0F-A61A-AB8720515446}"
EndProject
Project("{9A19103F-16F7-4668-BE54-9A1E7A4F7556}") = "Ordering.Infrastructure", "Services\Ordering\Ordering.Infrastructure\Ordering.Infrastructure.csproj", "{A6697568-1B61-48BF-8955-25F45EE99D4D}"
EndProject
Project("{2150E333-8FDC-42A3-9474-1A3956D46DE8}") = "BuildingBlocks", "BuildingBlocks", "{ABE180D6-047A-47F8-A7F3-C53C0D1A808B}"
EndProject
Project("{9A19103F-16F7-4668-BE54-9A1E7A4F7556}") = "EventBus.Messages", "BuildingBlocks\EventBus.Messages\EventBus.Messages.csproj", "{471C0EDC-05D4-4366-9CA0-D02758B956C1}"
EndProject
Project("{2150E333-8FDC-42A3-9474-1A3956D46DE8}") = "ApiGateways", "ApiGateways", "{768ACB43-3EA0-415B-815F-B99413CBDA82}"
EndProject
Project("{FAE04EC0-301F-11D3-BF4B-00C04F79EFBC}") = "OcelotApiGw", "ApiGateways\OcelotApiGw\OcelotApiGw.csproj", "{A4BDB3A4-BEFD-4130-B3F5-8D7FA246A9F2}"
EndProject
Project("{FAE04EC0-301F-11D3-BF4B-00C04F79EFBC}") = "Shopping.Aggregator", "ApiGateways\Shopping.Aggregator\Shopping.Aggregator.csproj", "{A776BDE8-99B3-41CB-BB37-F7CCAAFEE9C0}"
EndProject
Project("{2150E333-8FDC-42A3-9474-1A3956D46DE8}") = "WebApps", "WebApps", "{457BD50C-17B5-4219-849F-B8772B5D8ADC}"
EndProject
Project("{9A19103F-16F7-4668-BE54-9A1E7A4F7556}") = "AspnetRunBasics", "WebApps\AspnetRunBasics\AspnetRunBasics.csproj", "{EDA6CA02-EE40-41E4-B9FB-D46EF7ED2353}"
EndProject
Global
	GlobalSection(SolutionConfigurationPlatforms) = preSolution
		Debug|Any CPU = Debug|Any CPU
		Release|Any CPU = Release|Any CPU
	EndGlobalSection
	GlobalSection(ProjectConfigurationPlatforms) = postSolution
		{CC7959AB-192F-412E-A118-96DAA2756F78}.Debug|Any CPU.ActiveCfg = Debug|Any CPU
		{CC7959AB-192F-412E-A118-96DAA2756F78}.Debug|Any CPU.Build.0 = Debug|Any CPU
		{CC7959AB-192F-412E-A118-96DAA2756F78}.Release|Any CPU.ActiveCfg = Release|Any CPU
		{CC7959AB-192F-412E-A118-96DAA2756F78}.Release|Any CPU.Build.0 = Release|Any CPU
		{517A7C16-F0D8-4862-A0F6-937AE1BDCF9C}.Debug|Any CPU.ActiveCfg = Debug|Any CPU
		{517A7C16-F0D8-4862-A0F6-937AE1BDCF9C}.Debug|Any CPU.Build.0 = Debug|Any CPU
		{517A7C16-F0D8-4862-A0F6-937AE1BDCF9C}.Release|Any CPU.ActiveCfg = Release|Any CPU
		{517A7C16-F0D8-4862-A0F6-937AE1BDCF9C}.Release|Any CPU.Build.0 = Release|Any CPU
		{A6477C1C-E38F-496E-B046-BCF38FED4AFC}.Debug|Any CPU.ActiveCfg = Debug|Any CPU
		{A6477C1C-E38F-496E-B046-BCF38FED4AFC}.Debug|Any CPU.Build.0 = Debug|Any CPU
		{A6477C1C-E38F-496E-B046-BCF38FED4AFC}.Release|Any CPU.ActiveCfg = Release|Any CPU
		{A6477C1C-E38F-496E-B046-BCF38FED4AFC}.Release|Any CPU.Build.0 = Release|Any CPU
		{437E3081-B5E9-48DF-92A8-5113BF62DB66}.Debug|Any CPU.ActiveCfg = Debug|Any CPU
		{437E3081-B5E9-48DF-92A8-5113BF62DB66}.Debug|Any CPU.Build.0 = Debug|Any CPU
		{437E3081-B5E9-48DF-92A8-5113BF62DB66}.Release|Any CPU.ActiveCfg = Release|Any CPU
		{437E3081-B5E9-48DF-92A8-5113BF62DB66}.Release|Any CPU.Build.0 = Release|Any CPU
		{B5D918BD-C7E0-47B6-A1D9-6EA1F6F61747}.Debug|Any CPU.ActiveCfg = Debug|Any CPU
		{B5D918BD-C7E0-47B6-A1D9-6EA1F6F61747}.Debug|Any CPU.Build.0 = Debug|Any CPU
		{B5D918BD-C7E0-47B6-A1D9-6EA1F6F61747}.Release|Any CPU.ActiveCfg = Release|Any CPU
		{B5D918BD-C7E0-47B6-A1D9-6EA1F6F61747}.Release|Any CPU.Build.0 = Release|Any CPU
		{7B9FFBD7-D6C5-4B11-820A-4952FAE15565}.Debug|Any CPU.ActiveCfg = Debug|Any CPU
		{7B9FFBD7-D6C5-4B11-820A-4952FAE15565}.Debug|Any CPU.Build.0 = Debug|Any CPU
		{7B9FFBD7-D6C5-4B11-820A-4952FAE15565}.Release|Any CPU.ActiveCfg = Release|Any CPU
		{7B9FFBD7-D6C5-4B11-820A-4952FAE15565}.Release|Any CPU.Build.0 = Release|Any CPU
		{C7F1CBB4-5B5A-4F4B-AEED-A480E9CDD64C}.Debug|Any CPU.ActiveCfg = Debug|Any CPU
		{C7F1CBB4-5B5A-4F4B-AEED-A480E9CDD64C}.Debug|Any CPU.Build.0 = Debug|Any CPU
		{C7F1CBB4-5B5A-4F4B-AEED-A480E9CDD64C}.Release|Any CPU.ActiveCfg = Release|Any CPU
		{C7F1CBB4-5B5A-4F4B-AEED-A480E9CDD64C}.Release|Any CPU.Build.0 = Release|Any CPU
		{83526CB8-68C0-4D0F-A61A-AB8720515446}.Debug|Any CPU.ActiveCfg = Debug|Any CPU
		{83526CB8-68C0-4D0F-A61A-AB8720515446}.Debug|Any CPU.Build.0 = Debug|Any CPU
		{83526CB8-68C0-4D0F-A61A-AB8720515446}.Release|Any CPU.ActiveCfg = Release|Any CPU
		{83526CB8-68C0-4D0F-A61A-AB8720515446}.Release|Any CPU.Build.0 = Release|Any CPU
		{A6697568-1B61-48BF-8955-25F45EE99D4D}.Debug|Any CPU.ActiveCfg = Debug|Any CPU
		{A6697568-1B61-48BF-8955-25F45EE99D4D}.Debug|Any CPU.Build.0 = Debug|Any CPU
		{A6697568-1B61-48BF-8955-25F45EE99D4D}.Release|Any CPU.ActiveCfg = Release|Any CPU
		{A6697568-1B61-48BF-8955-25F45EE99D4D}.Release|Any CPU.Build.0 = Release|Any CPU
		{471C0EDC-05D4-4366-9CA0-D02758B956C1}.Debug|Any CPU.ActiveCfg = Debug|Any CPU
		{471C0EDC-05D4-4366-9CA0-D02758B956C1}.Debug|Any CPU.Build.0 = Debug|Any CPU
		{471C0EDC-05D4-4366-9CA0-D02758B956C1}.Release|Any CPU.ActiveCfg = Release|Any CPU
		{471C0EDC-05D4-4366-9CA0-D02758B956C1}.Release|Any CPU.Build.0 = Release|Any CPU
		{A4BDB3A4-BEFD-4130-B3F5-8D7FA246A9F2}.Debug|Any CPU.ActiveCfg = Debug|Any CPU
		{A4BDB3A4-BEFD-4130-B3F5-8D7FA246A9F2}.Debug|Any CPU.Build.0 = Debug|Any CPU
		{A4BDB3A4-BEFD-4130-B3F5-8D7FA246A9F2}.Release|Any CPU.ActiveCfg = Release|Any CPU
		{A4BDB3A4-BEFD-4130-B3F5-8D7FA246A9F2}.Release|Any CPU.Build.0 = Release|Any CPU
		{A776BDE8-99B3-41CB-BB37-F7CCAAFEE9C0}.Debug|Any CPU.ActiveCfg = Debug|Any CPU
		{A776BDE8-99B3-41CB-BB37-F7CCAAFEE9C0}.Debug|Any CPU.Build.0 = Debug|Any CPU
		{A776BDE8-99B3-41CB-BB37-F7CCAAFEE9C0}.Release|Any CPU.ActiveCfg = Release|Any CPU
		{A776BDE8-99B3-41CB-BB37-F7CCAAFEE9C0}.Release|Any CPU.Build.0 = Release|Any CPU
		{EDA6CA02-EE40-41E4-B9FB-D46EF7ED2353}.Debug|Any CPU.ActiveCfg = Debug|Any CPU
		{EDA6CA02-EE40-41E4-B9FB-D46EF7ED2353}.Debug|Any CPU.Build.0 = Debug|Any CPU
		{EDA6CA02-EE40-41E4-B9FB-D46EF7ED2353}.Release|Any CPU.ActiveCfg = Release|Any CPU
		{EDA6CA02-EE40-41E4-B9FB-D46EF7ED2353}.Release|Any CPU.Build.0 = Release|Any CPU
	EndGlobalSection
	GlobalSection(SolutionProperties) = preSolution
		HideSolutionNode = FALSE
	EndGlobalSection
	GlobalSection(NestedProjects) = preSolution
		{05C60D3F-24A7-413F-86EC-9FE22592EE40} = {5E254636-53CF-4672-BFE3-D6E238B3C2B6}
		{CC7959AB-192F-412E-A118-96DAA2756F78} = {05C60D3F-24A7-413F-86EC-9FE22592EE40}
		{832FB9E1-9C3E-4DED-91E3-D0760A691FE6} = {5E254636-53CF-4672-BFE3-D6E238B3C2B6}
		{A6477C1C-E38F-496E-B046-BCF38FED4AFC} = {832FB9E1-9C3E-4DED-91E3-D0760A691FE6}
		{58C864EF-8040-4695-AE9B-17BBD52F41D5} = {5E254636-53CF-4672-BFE3-D6E238B3C2B6}
		{437E3081-B5E9-48DF-92A8-5113BF62DB66} = {58C864EF-8040-4695-AE9B-17BBD52F41D5}
		{B5D918BD-C7E0-47B6-A1D9-6EA1F6F61747} = {58C864EF-8040-4695-AE9B-17BBD52F41D5}
		{8C361F4B-44DE-4ABC-BD16-964FD8CAF83F} = {5E254636-53CF-4672-BFE3-D6E238B3C2B6}
		{7B9FFBD7-D6C5-4B11-820A-4952FAE15565} = {8C361F4B-44DE-4ABC-BD16-964FD8CAF83F}
		{C7F1CBB4-5B5A-4F4B-AEED-A480E9CDD64C} = {8C361F4B-44DE-4ABC-BD16-964FD8CAF83F}
		{83526CB8-68C0-4D0F-A61A-AB8720515446} = {8C361F4B-44DE-4ABC-BD16-964FD8CAF83F}
		{A6697568-1B61-48BF-8955-25F45EE99D4D} = {8C361F4B-44DE-4ABC-BD16-964FD8CAF83F}
		{471C0EDC-05D4-4366-9CA0-D02758B956C1} = {ABE180D6-047A-47F8-A7F3-C53C0D1A808B}
		{A4BDB3A4-BEFD-4130-B3F5-8D7FA246A9F2} = {768ACB43-3EA0-415B-815F-B99413CBDA82}
		{A776BDE8-99B3-41CB-BB37-F7CCAAFEE9C0} = {768ACB43-3EA0-415B-815F-B99413CBDA82}
		{EDA6CA02-EE40-41E4-B9FB-D46EF7ED2353} = {457BD50C-17B5-4219-849F-B8772B5D8ADC}
	EndGlobalSection
	GlobalSection(ExtensibilityGlobals) = postSolution
		SolutionGuid = {E987E77A-32FF-4D67-8E34-D0812E87C67F}
	EndGlobalSection
EndGlobal
